
Microsoft Visual Studio Solution File, Format Version 14.00
# Visual Studio 2015
VisualStudioVersion = 14.0.40629.0
MinimumVisualStudioVersion = 10.0.40219.1
Project("{8BC9CEB8-8B4A-11D0-8D11-00A0C91BC942}") = "FITOMApp", "FITOMApp\FITOMApp.vcxproj", "{B04CDE73-6C3C-46E1-B430-CC893CED7BF6}"
EndProject
Project("{8BC9CEB8-8B4A-11D0-8D11-00A0C91BC942}") = "FITOMcfg", "FITOMcfg\FITOMcfg.vcxproj", "{C54BB124-C926-439A-925F-297896FC7E8B}"
EndProject
Project("{8BC9CEB8-8B4A-11D0-8D11-00A0C91BC942}") = "scsh", "scsh\scsh.vcxproj", "{9FA0EC53-E016-4088-A473-3A77642636B9}"
EndProject
Global
	GlobalSection(SolutionConfigurationPlatforms) = preSolution
		Debug|Win32 = Debug|Win32
		Release|Win32 = Release|Win32
	EndGlobalSection
	GlobalSection(ProjectConfigurationPlatforms) = postSolution
		{B04CDE73-6C3C-46E1-B430-CC893CED7BF6}.Debug|Win32.ActiveCfg = Debug|Win32
		{B04CDE73-6C3C-46E1-B430-CC893CED7BF6}.Debug|Win32.Build.0 = Debug|Win32
		{B04CDE73-6C3C-46E1-B430-CC893CED7BF6}.Release|Win32.ActiveCfg = Release|Win32
		{B04CDE73-6C3C-46E1-B430-CC893CED7BF6}.Release|Win32.Build.0 = Release|Win32
		{C54BB124-C926-439A-925F-297896FC7E8B}.Debug|Win32.ActiveCfg = Debug|Win32
		{C54BB124-C926-439A-925F-297896FC7E8B}.Debug|Win32.Build.0 = Debug|Win32
		{C54BB124-C926-439A-925F-297896FC7E8B}.Release|Win32.ActiveCfg = Release|Win32
		{C54BB124-C926-439A-925F-297896FC7E8B}.Release|Win32.Build.0 = Release|Win32
		{9FA0EC53-E016-4088-A473-3A77642636B9}.Debug|Win32.ActiveCfg = Debug|Win32
		{9FA0EC53-E016-4088-A473-3A77642636B9}.Debug|Win32.Build.0 = Debug|Win32
		{9FA0EC53-E016-4088-A473-3A77642636B9}.Release|Win32.ActiveCfg = Release|Win32
		{9FA0EC53-E016-4088-A473-3A77642636B9}.Release|Win32.Build.0 = Release|Win32
	EndGlobalSection
	GlobalSection(SolutionProperties) = preSolution
		HideSolutionNode = FALSE
	EndGlobalSection
EndGlobal
