
Microsoft Visual Studio Solution File, Format Version 12.00
# Visual Studio 14
VisualStudioVersion = 14.0.25420.1
MinimumVisualStudioVersion = 10.0.40219.1
Project("{8BC9CEB8-8B4A-11D0-8D11-00A0C91BC942}") = "FITOMApp", "FITOMApp\FITOMApp.vcxproj", "{B04CDE73-6C3C-46E1-B430-CC893CED7BF6}"
EndProject
Project("{8BC9CEB8-8B4A-11D0-8D11-00A0C91BC942}") = "FITOMcfg", "FITOMcfg\FITOMcfg.vcxproj", "{C54BB124-C926-439A-925F-297896FC7E8B}"
EndProject
Project("{8BC9CEB8-8B4A-11D0-8D11-00A0C91BC942}") = "scsh", "scsh\scsh.vcxproj", "{9FA0EC53-E016-4088-A473-3A77642636B9}"
EndProject
Project("{8BC9CEB8-8B4A-11D0-8D11-00A0C91BC942}") = "FITOMOPi", "FITOMApp\FITOMOPi.vcxproj", "{2B05AA35-2851-46DC-80C3-E8C2A8A1DD06}"
EndProject
Global
	GlobalSection(SolutionConfigurationPlatforms) = preSolution
		Debug|ARM = Debug|ARM
		Debug|Win32 = Debug|Win32
		Debug|x64 = Debug|x64
		Release|ARM = Release|ARM
		Release|Win32 = Release|Win32
		Release|x64 = Release|x64
	EndGlobalSection
	GlobalSection(ProjectConfigurationPlatforms) = postSolution
		{B04CDE73-6C3C-46E1-B430-CC893CED7BF6}.Debug|ARM.ActiveCfg = Debug|Win32
		{B04CDE73-6C3C-46E1-B430-CC893CED7BF6}.Debug|Win32.ActiveCfg = Debug|Win32
		{B04CDE73-6C3C-46E1-B430-CC893CED7BF6}.Debug|Win32.Build.0 = Debug|Win32
		{B04CDE73-6C3C-46E1-B430-CC893CED7BF6}.Debug|x64.ActiveCfg = Debug|Win32
		{B04CDE73-6C3C-46E1-B430-CC893CED7BF6}.Release|ARM.ActiveCfg = Release|Win32
		{B04CDE73-6C3C-46E1-B430-CC893CED7BF6}.Release|Win32.ActiveCfg = Release|Win32
		{B04CDE73-6C3C-46E1-B430-CC893CED7BF6}.Release|Win32.Build.0 = Release|Win32
		{B04CDE73-6C3C-46E1-B430-CC893CED7BF6}.Release|x64.ActiveCfg = Release|Win32
		{C54BB124-C926-439A-925F-297896FC7E8B}.Debug|ARM.ActiveCfg = Debug|Win32
		{C54BB124-C926-439A-925F-297896FC7E8B}.Debug|Win32.ActiveCfg = Debug|Win32
		{C54BB124-C926-439A-925F-297896FC7E8B}.Debug|Win32.Build.0 = Debug|Win32
		{C54BB124-C926-439A-925F-297896FC7E8B}.Debug|x64.ActiveCfg = Debug|Win32
		{C54BB124-C926-439A-925F-297896FC7E8B}.Release|ARM.ActiveCfg = Release|Win32
		{C54BB124-C926-439A-925F-297896FC7E8B}.Release|Win32.ActiveCfg = Release|Win32
		{C54BB124-C926-439A-925F-297896FC7E8B}.Release|Win32.Build.0 = Release|Win32
		{C54BB124-C926-439A-925F-297896FC7E8B}.Release|x64.ActiveCfg = Release|Win32
		{9FA0EC53-E016-4088-A473-3A77642636B9}.Debug|ARM.ActiveCfg = Debug|Win32
		{9FA0EC53-E016-4088-A473-3A77642636B9}.Debug|Win32.ActiveCfg = Debug|Win32
		{9FA0EC53-E016-4088-A473-3A77642636B9}.Debug|Win32.Build.0 = Debug|Win32
		{9FA0EC53-E016-4088-A473-3A77642636B9}.Debug|x64.ActiveCfg = Debug|Win32
		{9FA0EC53-E016-4088-A473-3A77642636B9}.Release|ARM.ActiveCfg = Release|Win32
		{9FA0EC53-E016-4088-A473-3A77642636B9}.Release|Win32.ActiveCfg = Release|Win32
		{9FA0EC53-E016-4088-A473-3A77642636B9}.Release|Win32.Build.0 = Release|Win32
		{9FA0EC53-E016-4088-A473-3A77642636B9}.Release|x64.ActiveCfg = Release|Win32
		{2B05AA35-2851-46DC-80C3-E8C2A8A1DD06}.Debug|ARM.ActiveCfg = Debug|ARM
		{2B05AA35-2851-46DC-80C3-E8C2A8A1DD06}.Debug|ARM.Build.0 = Debug|ARM
		{2B05AA35-2851-46DC-80C3-E8C2A8A1DD06}.Debug|Win32.ActiveCfg = Debug|ARM
		{2B05AA35-2851-46DC-80C3-E8C2A8A1DD06}.Debug|Win32.Build.0 = Debug|ARM
		{2B05AA35-2851-46DC-80C3-E8C2A8A1DD06}.Debug|x64.ActiveCfg = Debug|x64
		{2B05AA35-2851-46DC-80C3-E8C2A8A1DD06}.Debug|x64.Build.0 = Debug|x64
		{2B05AA35-2851-46DC-80C3-E8C2A8A1DD06}.Release|ARM.ActiveCfg = Release|ARM
		{2B05AA35-2851-46DC-80C3-E8C2A8A1DD06}.Release|ARM.Build.0 = Release|ARM
		{2B05AA35-2851-46DC-80C3-E8C2A8A1DD06}.Release|Win32.ActiveCfg = Release|ARM
		{2B05AA35-2851-46DC-80C3-E8C2A8A1DD06}.Release|Win32.Build.0 = Release|ARM
		{2B05AA35-2851-46DC-80C3-E8C2A8A1DD06}.Release|x64.ActiveCfg = Release|x64
		{2B05AA35-2851-46DC-80C3-E8C2A8A1DD06}.Release|x64.Build.0 = Release|x64
	EndGlobalSection
	GlobalSection(SolutionProperties) = preSolution
		HideSolutionNode = FALSE
	EndGlobalSection
EndGlobal
